
Microsoft Visual Studio Solution File, Format Version 12.00
# Visual Studio Version 17
VisualStudioVersion = 17.14.36221.1 d17.14
MinimumVisualStudioVersion = 10.0.40219.1
Project("{FAE04EC0-301F-11D3-BF4B-00C04F79EFBC}") = "ConversorDeMoedas", "ConversorDeMoedas\ConversorDeMoedas.csproj", "{118703F3-1F6E-4BC2-B5A3-35380AA54172}"
EndProject
Global
	GlobalSection(SolutionConfigurationPlatforms) = preSolution
		Debug|Any CPU = Debug|Any CPU
		Release|Any CPU = Release|Any CPU
	EndGlobalSection
	GlobalSection(ProjectConfigurationPlatforms) = postSolution
		{118703F3-1F6E-4BC2-B5A3-35380AA54172}.Debug|Any CPU.ActiveCfg = Debug|Any CPU
		{118703F3-1F6E-4BC2-B5A3-35380AA54172}.Debug|Any CPU.Build.0 = Debug|Any CPU
		{118703F3-1F6E-4BC2-B5A3-35380AA54172}.Release|Any CPU.ActiveCfg = Release|Any CPU
		{118703F3-1F6E-4BC2-B5A3-35380AA54172}.Release|Any CPU.Build.0 = Release|Any CPU
	EndGlobalSection
	GlobalSection(SolutionProperties) = preSolution
		HideSolutionNode = FALSE
	EndGlobalSection
	GlobalSection(ExtensibilityGlobals) = postSolution
		SolutionGuid = {81700227-1E40-4A09-A821-385D60DEA977}
	EndGlobalSection
EndGlobal
